
Microsoft Visual Studio Solution File, Format Version 12.00
# Visual Studio 2013
VisualStudioVersion = 12.0.40629.0
MinimumVisualStudioVersion = 10.0.40219.1
Project("{FAE04EC0-301F-11D3-BF4B-00C04F79EFBC}") = "BBCWeather", "BBCWeather\BBCWeather.csproj", "{502CF534-DBB2-407A-98D9-E953950F6496}"
EndProject
Project("{FAE04EC0-301F-11D3-BF4B-00C04F79EFBC}") = "NUnitTestProject", "NUnit\NUnitTestProject.csproj", "{3761334F-7014-4B39-B207-08562FCAB95A}"
EndProject
Project("{2150E333-8FDC-42A3-9474-1A3956D46DE8}") = ".nuget", ".nuget", "{FC224AB0-028C-4AAD-9CDC-E0EECAB0BC94}"
	ProjectSection(SolutionItems) = preProject
		.nuget\packages.config = .nuget\packages.config
	EndProjectSection
EndProject
Global
	GlobalSection(SolutionConfigurationPlatforms) = preSolution
		Debug|Any CPU = Debug|Any CPU
		Release|Any CPU = Release|Any CPU
	EndGlobalSection
	GlobalSection(ProjectConfigurationPlatforms) = postSolution
		{502CF534-DBB2-407A-98D9-E953950F6496}.Debug|Any CPU.ActiveCfg = Debug|Any CPU
		{502CF534-DBB2-407A-98D9-E953950F6496}.Debug|Any CPU.Build.0 = Debug|Any CPU
		{502CF534-DBB2-407A-98D9-E953950F6496}.Release|Any CPU.ActiveCfg = Release|Any CPU
		{502CF534-DBB2-407A-98D9-E953950F6496}.Release|Any CPU.Build.0 = Release|Any CPU
		{3761334F-7014-4B39-B207-08562FCAB95A}.Debug|Any CPU.ActiveCfg = Debug|Any CPU
		{3761334F-7014-4B39-B207-08562FCAB95A}.Debug|Any CPU.Build.0 = Debug|Any CPU
		{3761334F-7014-4B39-B207-08562FCAB95A}.Release|Any CPU.ActiveCfg = Release|Any CPU
		{3761334F-7014-4B39-B207-08562FCAB95A}.Release|Any CPU.Build.0 = Release|Any CPU
	EndGlobalSection
	GlobalSection(SolutionProperties) = preSolution
		HideSolutionNode = FALSE
	EndGlobalSection
EndGlobal
